
Microsoft Visual Studio Solution File, Format Version 12.00
# Visual Studio Version 17
VisualStudioVersion = 17.0.31903.59
MinimumVisualStudioVersion = 10.0.40219.1
Project("{2150E333-8FDC-42A3-9474-1A3956D46DE8}") = "01-auto-fix-plan", "01-auto-fix-plan", "{32E1D18C-C43B-361D-3CCD-6B7EEBB7448F}"
EndProject
Project("{2150E333-8FDC-42A3-9474-1A3956D46DE8}") = "src", "src", "{C2F77CE2-B0A3-A12E-C2F7-FB491928F675}"
EndProject
Project("{FAE04EC0-301F-11D3-BF4B-00C04F79EFBC}") = "AutoFixPlan", "01-auto-fix-plan\src\AutoFixPlan\AutoFixPlan.csproj", "{B1E49645-97B0-4012-972B-E8E327152374}"
EndProject
Project("{2150E333-8FDC-42A3-9474-1A3956D46DE8}") = "tests", "tests", "{1EF10557-07ED-B91A-26DA-2BA6974C8A24}"
EndProject
Project("{FAE04EC0-301F-11D3-BF4B-00C04F79EFBC}") = "AutoFixPlan.Tests", "01-auto-fix-plan\tests\AutoFixPlan.Tests\AutoFixPlan.Tests.csproj", "{1BB9E830-E7A1-4770-BACD-145968D52EDE}"
EndProject
Project("{2150E333-8FDC-42A3-9474-1A3956D46DE8}") = "02-transaction-execution", "02-transaction-execution", "{98ED8D66-C656-E20F-348D-72FBB59785E9}"
EndProject
Project("{2150E333-8FDC-42A3-9474-1A3956D46DE8}") = "src", "src", "{46012CD2-7007-1127-F60F-5F9044AD734E}"
EndProject
Project("{FAE04EC0-301F-11D3-BF4B-00C04F79EFBC}") = "TransactionExecution", "02-transaction-execution\src\TransactionExecution\TransactionExecution.csproj", "{FEB70659-79FE-4EB1-9106-422C2E65FF00}"
EndProject
Project("{2150E333-8FDC-42A3-9474-1A3956D46DE8}") = "tests", "tests", "{6B031545-54E5-CB80-52ED-E3A0CBD508BE}"
EndProject
Project("{FAE04EC0-301F-11D3-BF4B-00C04F79EFBC}") = "TransactionExecution.Tests", "02-transaction-execution\tests\TransactionExecution.Tests\TransactionExecution.Tests.csproj", "{9A067E93-FABD-47B9-B83D-5568B06909A4}"
EndProject
Project("{2150E333-8FDC-42A3-9474-1A3956D46DE8}") = "03-large-model-performance", "03-large-model-performance", "{3EBCAF51-2960-923C-585A-4E7E11410AE5}"
EndProject
Project("{2150E333-8FDC-42A3-9474-1A3956D46DE8}") = "src", "src", "{5CC283B9-48BD-F011-D42E-EB2FE2BCE612}"
EndProject
Project("{FAE04EC0-301F-11D3-BF4B-00C04F79EFBC}") = "LargeModelValidation", "03-large-model-performance\src\LargeModelValidation\LargeModelValidation.csproj", "{4F0D2AFA-42C6-4304-A09D-60461C2687AA}"
EndProject
Project("{2150E333-8FDC-42A3-9474-1A3956D46DE8}") = "tests", "tests", "{864E6AA9-E0EA-7CC8-78D8-1127FDD29D46}"
EndProject
Project("{FAE04EC0-301F-11D3-BF4B-00C04F79EFBC}") = "LargeModelValidation.Tests", "03-large-model-performance\tests\LargeModelValidation.Tests\LargeModelValidation.Tests.csproj", "{066E75C3-3C22-4D3E-92F4-421B67D53915}"
EndProject
Project("{2150E333-8FDC-42A3-9474-1A3956D46DE8}") = "tools", "tools", "{39190AFC-C732-4A0F-CF6C-E3946093028D}"
EndProject
Project("{FAE04EC0-301F-11D3-BF4B-00C04F79EFBC}") = "PerformanceScenario", "03-large-model-performance\tools\PerformanceScenario\PerformanceScenario.csproj", "{B8370E77-4392-4A78-ABCA-F0E24E4F12B8}"
EndProject
Project("{2150E333-8FDC-42A3-9474-1A3956D46DE8}") = "04-rhino-geometry-bake-update", "04-rhino-geometry-bake-update", "{536AEE4F-C6A3-29DA-4B9F-A1F1916E3B3F}"
EndProject
Project("{2150E333-8FDC-42A3-9474-1A3956D46DE8}") = "src", "src", "{BA72653B-DEB2-9079-A1CC-3B95ADB52583}"
EndProject
Project("{FAE04EC0-301F-11D3-BF4B-00C04F79EFBC}") = "RhinoGeometryBakeUpdate", "04-rhino-geometry-bake-update\src\RhinoGeometryBakeUpdate\RhinoGeometryBakeUpdate.csproj", "{C87F93DB-D04A-4599-9592-3A2621A791D2}"
EndProject
Project("{2150E333-8FDC-42A3-9474-1A3956D46DE8}") = "tests", "tests", "{D0C52ACE-5150-870A-9688-0A8827A8F948}"
EndProject
Project("{FAE04EC0-301F-11D3-BF4B-00C04F79EFBC}") = "RhinoGeometryBakeUpdate.Tests", "04-rhino-geometry-bake-update\tests\RhinoGeometryBakeUpdate.Tests\RhinoGeometryBakeUpdate.Tests.csproj", "{A2EDDC79-8845-46DC-8864-C1AAC2651DDB}"
EndProject
Global
	GlobalSection(SolutionConfigurationPlatforms) = preSolution
		Debug|Any CPU = Debug|Any CPU
		Debug|x64 = Debug|x64
		Debug|x86 = Debug|x86
		Release|Any CPU = Release|Any CPU
		Release|x64 = Release|x64
		Release|x86 = Release|x86
	EndGlobalSection
	GlobalSection(ProjectConfigurationPlatforms) = postSolution
		{B1E49645-97B0-4012-972B-E8E327152374}.Debug|Any CPU.ActiveCfg = Debug|Any CPU
		{B1E49645-97B0-4012-972B-E8E327152374}.Debug|Any CPU.Build.0 = Debug|Any CPU
		{B1E49645-97B0-4012-972B-E8E327152374}.Debug|x64.ActiveCfg = Debug|Any CPU
		{B1E49645-97B0-4012-972B-E8E327152374}.Debug|x64.Build.0 = Debug|Any CPU
		{B1E49645-97B0-4012-972B-E8E327152374}.Debug|x86.ActiveCfg = Debug|Any CPU
		{B1E49645-97B0-4012-972B-E8E327152374}.Debug|x86.Build.0 = Debug|Any CPU
		{B1E49645-97B0-4012-972B-E8E327152374}.Release|Any CPU.ActiveCfg = Release|Any CPU
		{B1E49645-97B0-4012-972B-E8E327152374}.Release|Any CPU.Build.0 = Release|Any CPU
		{B1E49645-97B0-4012-972B-E8E327152374}.Release|x64.ActiveCfg = Release|Any CPU
		{B1E49645-97B0-4012-972B-E8E327152374}.Release|x64.Build.0 = Release|Any CPU
		{B1E49645-97B0-4012-972B-E8E327152374}.Release|x86.ActiveCfg = Release|Any CPU
		{B1E49645-97B0-4012-972B-E8E327152374}.Release|x86.Build.0 = Release|Any CPU
		{1BB9E830-E7A1-4770-BACD-145968D52EDE}.Debug|Any CPU.ActiveCfg = Debug|Any CPU
		{1BB9E830-E7A1-4770-BACD-145968D52EDE}.Debug|Any CPU.Build.0 = Debug|Any CPU
		{1BB9E830-E7A1-4770-BACD-145968D52EDE}.Debug|x64.ActiveCfg = Debug|Any CPU
		{1BB9E830-E7A1-4770-BACD-145968D52EDE}.Debug|x64.Build.0 = Debug|Any CPU
		{1BB9E830-E7A1-4770-BACD-145968D52EDE}.Debug|x86.ActiveCfg = Debug|Any CPU
		{1BB9E830-E7A1-4770-BACD-145968D52EDE}.Debug|x86.Build.0 = Debug|Any CPU
		{1BB9E830-E7A1-4770-BACD-145968D52EDE}.Release|Any CPU.ActiveCfg = Release|Any CPU
		{1BB9E830-E7A1-4770-BACD-145968D52EDE}.Release|Any CPU.Build.0 = Release|Any CPU
		{1BB9E830-E7A1-4770-BACD-145968D52EDE}.Release|x64.ActiveCfg = Release|Any CPU
		{1BB9E830-E7A1-4770-BACD-145968D52EDE}.Release|x64.Build.0 = Release|Any CPU
		{1BB9E830-E7A1-4770-BACD-145968D52EDE}.Release|x86.ActiveCfg = Release|Any CPU
		{1BB9E830-E7A1-4770-BACD-145968D52EDE}.Release|x86.Build.0 = Release|Any CPU
		{FEB70659-79FE-4EB1-9106-422C2E65FF00}.Debug|Any CPU.ActiveCfg = Debug|Any CPU
		{FEB70659-79FE-4EB1-9106-422C2E65FF00}.Debug|Any CPU.Build.0 = Debug|Any CPU
		{FEB70659-79FE-4EB1-9106-422C2E65FF00}.Debug|x64.ActiveCfg = Debug|Any CPU
		{FEB70659-79FE-4EB1-9106-422C2E65FF00}.Debug|x64.Build.0 = Debug|Any CPU
		{FEB70659-79FE-4EB1-9106-422C2E65FF00}.Debug|x86.ActiveCfg = Debug|Any CPU
		{FEB70659-79FE-4EB1-9106-422C2E65FF00}.Debug|x86.Build.0 = Debug|Any CPU
		{FEB70659-79FE-4EB1-9106-422C2E65FF00}.Release|Any CPU.ActiveCfg = Release|Any CPU
		{FEB70659-79FE-4EB1-9106-422C2E65FF00}.Release|Any CPU.Build.0 = Release|Any CPU
		{FEB70659-79FE-4EB1-9106-422C2E65FF00}.Release|x64.ActiveCfg = Release|Any CPU
		{FEB70659-79FE-4EB1-9106-422C2E65FF00}.Release|x64.Build.0 = Release|Any CPU
		{FEB70659-79FE-4EB1-9106-422C2E65FF00}.Release|x86.ActiveCfg = Release|Any CPU
		{FEB70659-79FE-4EB1-9106-422C2E65FF00}.Release|x86.Build.0 = Release|Any CPU
		{9A067E93-FABD-47B9-B83D-5568B06909A4}.Debug|Any CPU.ActiveCfg = Debug|Any CPU
		{9A067E93-FABD-47B9-B83D-5568B06909A4}.Debug|Any CPU.Build.0 = Debug|Any CPU
		{9A067E93-FABD-47B9-B83D-5568B06909A4}.Debug|x64.ActiveCfg = Debug|Any CPU
		{9A067E93-FABD-47B9-B83D-5568B06909A4}.Debug|x64.Build.0 = Debug|Any CPU
		{9A067E93-FABD-47B9-B83D-5568B06909A4}.Debug|x86.ActiveCfg = Debug|Any CPU
		{9A067E93-FABD-47B9-B83D-5568B06909A4}.Debug|x86.Build.0 = Debug|Any CPU
		{9A067E93-FABD-47B9-B83D-5568B06909A4}.Release|Any CPU.ActiveCfg = Release|Any CPU
		{9A067E93-FABD-47B9-B83D-5568B06909A4}.Release|Any CPU.Build.0 = Release|Any CPU
		{9A067E93-FABD-47B9-B83D-5568B06909A4}.Release|x64.ActiveCfg = Release|Any CPU
		{9A067E93-FABD-47B9-B83D-5568B06909A4}.Release|x64.Build.0 = Release|Any CPU
		{9A067E93-FABD-47B9-B83D-5568B06909A4}.Release|x86.ActiveCfg = Release|Any CPU
		{9A067E93-FABD-47B9-B83D-5568B06909A4}.Release|x86.Build.0 = Release|Any CPU
		{4F0D2AFA-42C6-4304-A09D-60461C2687AA}.Debug|Any CPU.ActiveCfg = Debug|Any CPU
		{4F0D2AFA-42C6-4304-A09D-60461C2687AA}.Debug|Any CPU.Build.0 = Debug|Any CPU
		{4F0D2AFA-42C6-4304-A09D-60461C2687AA}.Debug|x64.ActiveCfg = Debug|Any CPU
		{4F0D2AFA-42C6-4304-A09D-60461C2687AA}.Debug|x64.Build.0 = Debug|Any CPU
		{4F0D2AFA-42C6-4304-A09D-60461C2687AA}.Debug|x86.ActiveCfg = Debug|Any CPU
		{4F0D2AFA-42C6-4304-A09D-60461C2687AA}.Debug|x86.Build.0 = Debug|Any CPU
		{4F0D2AFA-42C6-4304-A09D-60461C2687AA}.Release|Any CPU.ActiveCfg = Release|Any CPU
		{4F0D2AFA-42C6-4304-A09D-60461C2687AA}.Release|Any CPU.Build.0 = Release|Any CPU
		{4F0D2AFA-42C6-4304-A09D-60461C2687AA}.Release|x64.ActiveCfg = Release|Any CPU
		{4F0D2AFA-42C6-4304-A09D-60461C2687AA}.Release|x64.Build.0 = Release|Any CPU
		{4F0D2AFA-42C6-4304-A09D-60461C2687AA}.Release|x86.ActiveCfg = Release|Any CPU
		{4F0D2AFA-42C6-4304-A09D-60461C2687AA}.Release|x86.Build.0 = Release|Any CPU
		{066E75C3-3C22-4D3E-92F4-421B67D53915}.Debug|Any CPU.ActiveCfg = Debug|Any CPU
		{066E75C3-3C22-4D3E-92F4-421B67D53915}.Debug|Any CPU.Build.0 = Debug|Any CPU
		{066E75C3-3C22-4D3E-92F4-421B67D53915}.Debug|x64.ActiveCfg = Debug|Any CPU
		{066E75C3-3C22-4D3E-92F4-421B67D53915}.Debug|x64.Build.0 = Debug|Any CPU
		{066E75C3-3C22-4D3E-92F4-421B67D53915}.Debug|x86.ActiveCfg = Debug|Any CPU
		{066E75C3-3C22-4D3E-92F4-421B67D53915}.Debug|x86.Build.0 = Debug|Any CPU
		{066E75C3-3C22-4D3E-92F4-421B67D53915}.Release|Any CPU.ActiveCfg = Release|Any CPU
		{066E75C3-3C22-4D3E-92F4-421B67D53915}.Release|Any CPU.Build.0 = Release|Any CPU
		{066E75C3-3C22-4D3E-92F4-421B67D53915}.Release|x64.ActiveCfg = Release|Any CPU
		{066E75C3-3C22-4D3E-92F4-421B67D53915}.Release|x64.Build.0 = Release|Any CPU
		{066E75C3-3C22-4D3E-92F4-421B67D53915}.Release|x86.ActiveCfg = Release|Any CPU
		{066E75C3-3C22-4D3E-92F4-421B67D53915}.Release|x86.Build.0 = Release|Any CPU
		{B8370E77-4392-4A78-ABCA-F0E24E4F12B8}.Debug|Any CPU.ActiveCfg = Debug|Any CPU
		{B8370E77-4392-4A78-ABCA-F0E24E4F12B8}.Debug|Any CPU.Build.0 = Debug|Any CPU
		{B8370E77-4392-4A78-ABCA-F0E24E4F12B8}.Debug|x64.ActiveCfg = Debug|Any CPU
		{B8370E77-4392-4A78-ABCA-F0E24E4F12B8}.Debug|x64.Build.0 = Debug|Any CPU
		{B8370E77-4392-4A78-ABCA-F0E24E4F12B8}.Debug|x86.ActiveCfg = Debug|Any CPU
		{B8370E77-4392-4A78-ABCA-F0E24E4F12B8}.Debug|x86.Build.0 = Debug|Any CPU
		{B8370E77-4392-4A78-ABCA-F0E24E4F12B8}.Release|Any CPU.ActiveCfg = Release|Any CPU
		{B8370E77-4392-4A78-ABCA-F0E24E4F12B8}.Release|Any CPU.Build.0 = Release|Any CPU
		{B8370E77-4392-4A78-ABCA-F0E24E4F12B8}.Release|x64.ActiveCfg = Release|Any CPU
		{B8370E77-4392-4A78-ABCA-F0E24E4F12B8}.Release|x64.Build.0 = Release|Any CPU
		{B8370E77-4392-4A78-ABCA-F0E24E4F12B8}.Release|x86.ActiveCfg = Release|Any CPU
		{B8370E77-4392-4A78-ABCA-F0E24E4F12B8}.Release|x86.Build.0 = Release|Any CPU
		{C87F93DB-D04A-4599-9592-3A2621A791D2}.Debug|Any CPU.ActiveCfg = Debug|Any CPU
		{C87F93DB-D04A-4599-9592-3A2621A791D2}.Debug|Any CPU.Build.0 = Debug|Any CPU
		{C87F93DB-D04A-4599-9592-3A2621A791D2}.Debug|x64.ActiveCfg = Debug|Any CPU
		{C87F93DB-D04A-4599-9592-3A2621A791D2}.Debug|x64.Build.0 = Debug|Any CPU
		{C87F93DB-D04A-4599-9592-3A2621A791D2}.Debug|x86.ActiveCfg = Debug|Any CPU
		{C87F93DB-D04A-4599-9592-3A2621A791D2}.Debug|x86.Build.0 = Debug|Any CPU
		{C87F93DB-D04A-4599-9592-3A2621A791D2}.Release|Any CPU.ActiveCfg = Release|Any CPU
		{C87F93DB-D04A-4599-9592-3A2621A791D2}.Release|Any CPU.Build.0 = Release|Any CPU
		{C87F93DB-D04A-4599-9592-3A2621A791D2}.Release|x64.ActiveCfg = Release|Any CPU
		{C87F93DB-D04A-4599-9592-3A2621A791D2}.Release|x64.Build.0 = Release|Any CPU
		{C87F93DB-D04A-4599-9592-3A2621A791D2}.Release|x86.ActiveCfg = Release|Any CPU
		{C87F93DB-D04A-4599-9592-3A2621A791D2}.Release|x86.Build.0 = Release|Any CPU
		{A2EDDC79-8845-46DC-8864-C1AAC2651DDB}.Debug|Any CPU.ActiveCfg = Debug|Any CPU
		{A2EDDC79-8845-46DC-8864-C1AAC2651DDB}.Debug|Any CPU.Build.0 = Debug|Any CPU
		{A2EDDC79-8845-46DC-8864-C1AAC2651DDB}.Debug|x64.ActiveCfg = Debug|Any CPU
		{A2EDDC79-8845-46DC-8864-C1AAC2651DDB}.Debug|x64.Build.0 = Debug|Any CPU
		{A2EDDC79-8845-46DC-8864-C1AAC2651DDB}.Debug|x86.ActiveCfg = Debug|Any CPU
		{A2EDDC79-8845-46DC-8864-C1AAC2651DDB}.Debug|x86.Build.0 = Debug|Any CPU
		{A2EDDC79-8845-46DC-8864-C1AAC2651DDB}.Release|Any CPU.ActiveCfg = Release|Any CPU
		{A2EDDC79-8845-46DC-8864-C1AAC2651DDB}.Release|Any CPU.Build.0 = Release|Any CPU
		{A2EDDC79-8845-46DC-8864-C1AAC2651DDB}.Release|x64.ActiveCfg = Release|Any CPU
		{A2EDDC79-8845-46DC-8864-C1AAC2651DDB}.Release|x64.Build.0 = Release|Any CPU
		{A2EDDC79-8845-46DC-8864-C1AAC2651DDB}.Release|x86.ActiveCfg = Release|Any CPU
		{A2EDDC79-8845-46DC-8864-C1AAC2651DDB}.Release|x86.Build.0 = Release|Any CPU
	EndGlobalSection
	GlobalSection(SolutionProperties) = preSolution
		HideSolutionNode = FALSE
	EndGlobalSection
	GlobalSection(NestedProjects) = preSolution
		{C2F77CE2-B0A3-A12E-C2F7-FB491928F675} = {32E1D18C-C43B-361D-3CCD-6B7EEBB7448F}
		{B1E49645-97B0-4012-972B-E8E327152374} = {C2F77CE2-B0A3-A12E-C2F7-FB491928F675}
		{1EF10557-07ED-B91A-26DA-2BA6974C8A24} = {32E1D18C-C43B-361D-3CCD-6B7EEBB7448F}
		{1BB9E830-E7A1-4770-BACD-145968D52EDE} = {1EF10557-07ED-B91A-26DA-2BA6974C8A24}
		{46012CD2-7007-1127-F60F-5F9044AD734E} = {98ED8D66-C656-E20F-348D-72FBB59785E9}
		{FEB70659-79FE-4EB1-9106-422C2E65FF00} = {46012CD2-7007-1127-F60F-5F9044AD734E}
		{6B031545-54E5-CB80-52ED-E3A0CBD508BE} = {98ED8D66-C656-E20F-348D-72FBB59785E9}
		{9A067E93-FABD-47B9-B83D-5568B06909A4} = {6B031545-54E5-CB80-52ED-E3A0CBD508BE}
		{5CC283B9-48BD-F011-D42E-EB2FE2BCE612} = {3EBCAF51-2960-923C-585A-4E7E11410AE5}
		{4F0D2AFA-42C6-4304-A09D-60461C2687AA} = {5CC283B9-48BD-F011-D42E-EB2FE2BCE612}
		{864E6AA9-E0EA-7CC8-78D8-1127FDD29D46} = {3EBCAF51-2960-923C-585A-4E7E11410AE5}
		{066E75C3-3C22-4D3E-92F4-421B67D53915} = {864E6AA9-E0EA-7CC8-78D8-1127FDD29D46}
		{39190AFC-C732-4A0F-CF6C-E3946093028D} = {3EBCAF51-2960-923C-585A-4E7E11410AE5}
		{B8370E77-4392-4A78-ABCA-F0E24E4F12B8} = {39190AFC-C732-4A0F-CF6C-E3946093028D}
		{BA72653B-DEB2-9079-A1CC-3B95ADB52583} = {536AEE4F-C6A3-29DA-4B9F-A1F1916E3B3F}
		{C87F93DB-D04A-4599-9592-3A2621A791D2} = {BA72653B-DEB2-9079-A1CC-3B95ADB52583}
		{D0C52ACE-5150-870A-9688-0A8827A8F948} = {536AEE4F-C6A3-29DA-4B9F-A1F1916E3B3F}
		{A2EDDC79-8845-46DC-8864-C1AAC2651DDB} = {D0C52ACE-5150-870A-9688-0A8827A8F948}
	EndGlobalSection
EndGlobal
