
Microsoft Visual Studio Solution File, Format Version 12.00
# Visual Studio Version 17
VisualStudioVersion = 17.0.31903.59
MinimumVisualStudioVersion = 10.0.40219.1
Project("{2150E333-8FDC-42A3-9474-1A3956D46DE8}") = "src", "src", "{827E0CD3-B72D-47B6-A68D-7590B98EB39B}"
EndProject
Project("{FAE04EC0-301F-11D3-BF4B-00C04F79EFBC}") = "TransactionExecution", "src\TransactionExecution\TransactionExecution.csproj", "{EBDAFCC9-902B-4275-BB99-8B70B1EDEDBC}"
EndProject
Project("{2150E333-8FDC-42A3-9474-1A3956D46DE8}") = "tests", "tests", "{0AB3BF05-4346-4AA6-1389-037BE0695223}"
EndProject
Project("{FAE04EC0-301F-11D3-BF4B-00C04F79EFBC}") = "TransactionExecution.Tests", "tests\TransactionExecution.Tests\TransactionExecution.Tests.csproj", "{3BECE606-2BEB-49CC-AB5B-563F37A906FD}"
EndProject
Global
	GlobalSection(SolutionConfigurationPlatforms) = preSolution
		Debug|Any CPU = Debug|Any CPU
		Debug|x64 = Debug|x64
		Debug|x86 = Debug|x86
		Release|Any CPU = Release|Any CPU
		Release|x64 = Release|x64
		Release|x86 = Release|x86
	EndGlobalSection
	GlobalSection(ProjectConfigurationPlatforms) = postSolution
		{EBDAFCC9-902B-4275-BB99-8B70B1EDEDBC}.Debug|Any CPU.ActiveCfg = Debug|Any CPU
		{EBDAFCC9-902B-4275-BB99-8B70B1EDEDBC}.Debug|Any CPU.Build.0 = Debug|Any CPU
		{EBDAFCC9-902B-4275-BB99-8B70B1EDEDBC}.Debug|x64.ActiveCfg = Debug|Any CPU
		{EBDAFCC9-902B-4275-BB99-8B70B1EDEDBC}.Debug|x64.Build.0 = Debug|Any CPU
		{EBDAFCC9-902B-4275-BB99-8B70B1EDEDBC}.Debug|x86.ActiveCfg = Debug|Any CPU
		{EBDAFCC9-902B-4275-BB99-8B70B1EDEDBC}.Debug|x86.Build.0 = Debug|Any CPU
		{EBDAFCC9-902B-4275-BB99-8B70B1EDEDBC}.Release|Any CPU.ActiveCfg = Release|Any CPU
		{EBDAFCC9-902B-4275-BB99-8B70B1EDEDBC}.Release|Any CPU.Build.0 = Release|Any CPU
		{EBDAFCC9-902B-4275-BB99-8B70B1EDEDBC}.Release|x64.ActiveCfg = Release|Any CPU
		{EBDAFCC9-902B-4275-BB99-8B70B1EDEDBC}.Release|x64.Build.0 = Release|Any CPU
		{EBDAFCC9-902B-4275-BB99-8B70B1EDEDBC}.Release|x86.ActiveCfg = Release|Any CPU
		{EBDAFCC9-902B-4275-BB99-8B70B1EDEDBC}.Release|x86.Build.0 = Release|Any CPU
		{3BECE606-2BEB-49CC-AB5B-563F37A906FD}.Debug|Any CPU.ActiveCfg = Debug|Any CPU
		{3BECE606-2BEB-49CC-AB5B-563F37A906FD}.Debug|Any CPU.Build.0 = Debug|Any CPU
		{3BECE606-2BEB-49CC-AB5B-563F37A906FD}.Debug|x64.ActiveCfg = Debug|Any CPU
		{3BECE606-2BEB-49CC-AB5B-563F37A906FD}.Debug|x64.Build.0 = Debug|Any CPU
		{3BECE606-2BEB-49CC-AB5B-563F37A906FD}.Debug|x86.ActiveCfg = Debug|Any CPU
		{3BECE606-2BEB-49CC-AB5B-563F37A906FD}.Debug|x86.Build.0 = Debug|Any CPU
		{3BECE606-2BEB-49CC-AB5B-563F37A906FD}.Release|Any CPU.ActiveCfg = Release|Any CPU
		{3BECE606-2BEB-49CC-AB5B-563F37A906FD}.Release|Any CPU.Build.0 = Release|Any CPU
		{3BECE606-2BEB-49CC-AB5B-563F37A906FD}.Release|x64.ActiveCfg = Release|Any CPU
		{3BECE606-2BEB-49CC-AB5B-563F37A906FD}.Release|x64.Build.0 = Release|Any CPU
		{3BECE606-2BEB-49CC-AB5B-563F37A906FD}.Release|x86.ActiveCfg = Release|Any CPU
		{3BECE606-2BEB-49CC-AB5B-563F37A906FD}.Release|x86.Build.0 = Release|Any CPU
	EndGlobalSection
	GlobalSection(SolutionProperties) = preSolution
		HideSolutionNode = FALSE
	EndGlobalSection
	GlobalSection(NestedProjects) = preSolution
		{EBDAFCC9-902B-4275-BB99-8B70B1EDEDBC} = {827E0CD3-B72D-47B6-A68D-7590B98EB39B}
		{3BECE606-2BEB-49CC-AB5B-563F37A906FD} = {0AB3BF05-4346-4AA6-1389-037BE0695223}
	EndGlobalSection
EndGlobal
