
Microsoft Visual Studio Solution File, Format Version 12.00
# Visual Studio Version 17
VisualStudioVersion = 17.0.31903.59
MinimumVisualStudioVersion = 10.0.40219.1
Project("{2150E333-8FDC-42A3-9474-1A3956D46DE8}") = "src", "src", "{827E0CD3-B72D-47B6-A68D-7590B98EB39B}"
EndProject
Project("{FAE04EC0-301F-11D3-BF4B-00C04F79EFBC}") = "RhinoGeometryBakeUpdate", "src\RhinoGeometryBakeUpdate\RhinoGeometryBakeUpdate.csproj", "{7C0D5A67-216F-4EB8-B4F7-631879CF853E}"
EndProject
Project("{2150E333-8FDC-42A3-9474-1A3956D46DE8}") = "tests", "tests", "{0AB3BF05-4346-4AA6-1389-037BE0695223}"
EndProject
Project("{FAE04EC0-301F-11D3-BF4B-00C04F79EFBC}") = "RhinoGeometryBakeUpdate.Tests", "tests\RhinoGeometryBakeUpdate.Tests\RhinoGeometryBakeUpdate.Tests.csproj", "{26CABEB6-9A57-4DEC-8B61-72DAC9E03A9B}"
EndProject
Global
	GlobalSection(SolutionConfigurationPlatforms) = preSolution
		Debug|Any CPU = Debug|Any CPU
		Debug|x64 = Debug|x64
		Debug|x86 = Debug|x86
		Release|Any CPU = Release|Any CPU
		Release|x64 = Release|x64
		Release|x86 = Release|x86
	EndGlobalSection
	GlobalSection(ProjectConfigurationPlatforms) = postSolution
		{7C0D5A67-216F-4EB8-B4F7-631879CF853E}.Debug|Any CPU.ActiveCfg = Debug|Any CPU
		{7C0D5A67-216F-4EB8-B4F7-631879CF853E}.Debug|Any CPU.Build.0 = Debug|Any CPU
		{7C0D5A67-216F-4EB8-B4F7-631879CF853E}.Debug|x64.ActiveCfg = Debug|Any CPU
		{7C0D5A67-216F-4EB8-B4F7-631879CF853E}.Debug|x64.Build.0 = Debug|Any CPU
		{7C0D5A67-216F-4EB8-B4F7-631879CF853E}.Debug|x86.ActiveCfg = Debug|Any CPU
		{7C0D5A67-216F-4EB8-B4F7-631879CF853E}.Debug|x86.Build.0 = Debug|Any CPU
		{7C0D5A67-216F-4EB8-B4F7-631879CF853E}.Release|Any CPU.ActiveCfg = Release|Any CPU
		{7C0D5A67-216F-4EB8-B4F7-631879CF853E}.Release|Any CPU.Build.0 = Release|Any CPU
		{7C0D5A67-216F-4EB8-B4F7-631879CF853E}.Release|x64.ActiveCfg = Release|Any CPU
		{7C0D5A67-216F-4EB8-B4F7-631879CF853E}.Release|x64.Build.0 = Release|Any CPU
		{7C0D5A67-216F-4EB8-B4F7-631879CF853E}.Release|x86.ActiveCfg = Release|Any CPU
		{7C0D5A67-216F-4EB8-B4F7-631879CF853E}.Release|x86.Build.0 = Release|Any CPU
		{26CABEB6-9A57-4DEC-8B61-72DAC9E03A9B}.Debug|Any CPU.ActiveCfg = Debug|Any CPU
		{26CABEB6-9A57-4DEC-8B61-72DAC9E03A9B}.Debug|Any CPU.Build.0 = Debug|Any CPU
		{26CABEB6-9A57-4DEC-8B61-72DAC9E03A9B}.Debug|x64.ActiveCfg = Debug|Any CPU
		{26CABEB6-9A57-4DEC-8B61-72DAC9E03A9B}.Debug|x64.Build.0 = Debug|Any CPU
		{26CABEB6-9A57-4DEC-8B61-72DAC9E03A9B}.Debug|x86.ActiveCfg = Debug|Any CPU
		{26CABEB6-9A57-4DEC-8B61-72DAC9E03A9B}.Debug|x86.Build.0 = Debug|Any CPU
		{26CABEB6-9A57-4DEC-8B61-72DAC9E03A9B}.Release|Any CPU.ActiveCfg = Release|Any CPU
		{26CABEB6-9A57-4DEC-8B61-72DAC9E03A9B}.Release|Any CPU.Build.0 = Release|Any CPU
		{26CABEB6-9A57-4DEC-8B61-72DAC9E03A9B}.Release|x64.ActiveCfg = Release|Any CPU
		{26CABEB6-9A57-4DEC-8B61-72DAC9E03A9B}.Release|x64.Build.0 = Release|Any CPU
		{26CABEB6-9A57-4DEC-8B61-72DAC9E03A9B}.Release|x86.ActiveCfg = Release|Any CPU
		{26CABEB6-9A57-4DEC-8B61-72DAC9E03A9B}.Release|x86.Build.0 = Release|Any CPU
	EndGlobalSection
	GlobalSection(SolutionProperties) = preSolution
		HideSolutionNode = FALSE
	EndGlobalSection
	GlobalSection(NestedProjects) = preSolution
		{7C0D5A67-216F-4EB8-B4F7-631879CF853E} = {827E0CD3-B72D-47B6-A68D-7590B98EB39B}
		{26CABEB6-9A57-4DEC-8B61-72DAC9E03A9B} = {0AB3BF05-4346-4AA6-1389-037BE0695223}
	EndGlobalSection
EndGlobal
